github.com/chiyoi/apricot/logs v0.2.0 h1:pmbehF0sb47V64fVuL1k6rwSJaVbbaWiAWjVo96D+6Q=
github.com/chiyoi/apricot/logs v0.2.0/go.mod h1:3WGyZnXDw1EFi1hBdUxVRlO3lNReHutK9iB8EIDMEOU=
github.com/chiyoi/apricot/test v0.1.0 h1:jTJGY08fI/WSzBBo8Ienf/zjgEa6QkWoGANWPQ3MNtc=
github.com/chiyoi/apricot/test v0.1.0/go.mod h1:A3rLNk/ycxEoHf/09xF+NIJr0U3/ITn1YU4rnpx78Dw=
