github.com/chiyoi/apricot/logs v0.6.0 h1:5rqehU1lvgzDlvCHIF9MBrSjn/5pIwnFlpdbefXAgNE=
github.com/chiyoi/apricot/logs v0.6.0/go.mod h1:3WGyZnXDw1EFi1hBdUxVRlO3lNReHutK9iB8EIDMEOU=
github.com/chiyoi/iter v0.5.13 h1:I45zqzuagTxpmwO+6bGM5hC4aK2WXXIlBw/HwpkYtww=
github.com/chiyoi/iter v0.5.13/go.mod h1:mv/oTXw/NsN7ubDct/HfNqOu5VoDGr+UzenN71YRVx0=
